{
  "nodes": {
    "flake-compat": {
      "flake": false,
      "locked": {
        "lastModified": 1767039857,
        "narHash": "sha256-vNpUSpF5Nuw8xvDLj2KCwwksIbjua2LZCqhV1LNRDns=",
        "owner": "edolstra",
        "repo": "flake-compat",
        "rev": "5edf11c44bc78a0d334f6334cdaf7d60d732daab",
        "type": "github"
      },
      "original": {
        "owner": "edolstra",
        "repo": "flake-compat",
        "type": "github"
      }
    },
    "flake-parts": {
      "inputs": {
        "nixpkgs-lib": [
          "neovim-nightly",
          "nixpkgs"
        ]
      },
      "locked": {
        "lastModified": 1768135262,
        "narHash": "sha256-PVvu7OqHBGWN16zSi6tEmPwwHQ4rLPU9Plvs8/1TUBY=",
        "owner": "hercules-ci",
        "repo": "flake-parts",
        "rev": "80daad04eddbbf5a4d883996a73f3f542fa437ac",
        "type": "github"
      },
      "original": {
        "owner": "hercules-ci",
        "repo": "flake-parts",
        "type": "github"
      }
    },
    "mnw": {
      "locked": {
        "lastModified": 1769269517,
        "narHash": "sha256-SgZOSmsbJN+oPDVZyavctrkjQYDCWtoJ3uhlzQChb6s=",
        "owner": "gerg-l",
        "repo": "mnw",
        "rev": "ee5e11d0d7f6a6cda68559c1a34b5392c3b1b1eb",
        "type": "github"
      },
      "original": {
        "owner": "gerg-l",
        "repo": "mnw",
        "type": "github"
      }
    },
    "neovim-nightly": {
      "inputs": {
        "flake-parts": "flake-parts",
        "neovim-src": "neovim-src",
        "nixpkgs": "nixpkgs"
      },
      "locked": {
        "lastModified": 1769385907,
        "narHash": "sha256-hUbEb7kdoBjB1zyGZA3mpp9oI5RMqC+wZhcO1qK8qZI=",
        "owner": "nix-community",
        "repo": "neovim-nightly-overlay",
        "rev": "068b3d335c56a2b6499ad623572c3fb48e17cd5f",
        "type": "github"
      },
      "original": {
        "owner": "nix-community",
        "repo": "neovim-nightly-overlay",
        "type": "github"
      }
    },
    "neovim-src": {
      "flake": false,
      "locked": {
        "lastModified": 1769383511,
        "narHash": "sha256-NCsf5TVBTHR0cMs1yVjfUHiRB89+faHV4Ls+ZXeMNmI=",
        "owner": "neovim",
        "repo": "neovim",
        "rev": "95b03171df223e1fed5de15124a3b9204f37048a",
        "type": "github"
      },
      "original": {
        "owner": "neovim",
        "repo": "neovim",
        "type": "github"
      }
    },
    "nixpkgs": {
      "locked": {
        "lastModified": 1769330179,
        "narHash": "sha256-yxgb4AmkVHY5OOBrC79Vv6EVd4QZEotqv+6jcvA212M=",
        "owner": "NixOS",
        "repo": "nixpkgs",
        "rev": "48698d12cc10555a4f3e3222d9c669b884a49dfe",
        "type": "github"
      },
      "original": {
        "owner": "NixOS",
        "ref": "nixpkgs-unstable",
        "repo": "nixpkgs",
        "type": "github"
      }
    },
    "nixpkgs_2": {
      "locked": {
        "lastModified": 1769170682,
        "narHash": "sha256-oMmN1lVQU0F0W2k6OI3bgdzp2YOHWYUAw79qzDSjenU=",
        "owner": "NixOS",
        "repo": "nixpkgs",
        "rev": "c5296fdd05cfa2c187990dd909864da9658df755",
        "type": "github"
      },
      "original": {
        "owner": "NixOS",
        "ref": "nixos-unstable",
        "repo": "nixpkgs",
        "type": "github"
      }
    },
    "npins": {
      "flake": false,
      "locked": {
        "lastModified": 1767910372,
        "narHash": "sha256-xy29sL2rfD0Yq9oPcBdSknLtu4CjM8FZKHDlpPvmuGI=",
        "owner": "andir",
        "repo": "npins",
        "rev": "22e72314632373452cbad9782bab97884a96cf53",
        "type": "github"
      },
      "original": {
        "owner": "andir",
        "repo": "npins",
        "type": "github"
      }
    },
    "root": {
      "inputs": {
        "flake-compat": "flake-compat",
        "mnw": "mnw",
        "neovim-nightly": "neovim-nightly",
        "nixpkgs": "nixpkgs_2",
        "npins": "npins",
        "systems": "systems"
      }
    },
    "systems": {
      "locked": {
        "lastModified": 1681028828,
        "narHash": "sha256-Vy1rq5AaRuLzOxct8nz4T6wlgyUR7zLU309k9mBC768=",
        "owner": "nix-systems",
        "repo": "default",
        "rev": "da67096a3b9bf56a91d16901293e51ba5b49a27e",
        "type": "github"
      },
      "original": {
        "owner": "nix-systems",
        "repo": "default",
        "type": "github"
      }
    }
  },
  "root": "root",
  "version": 7
}
